Microsoft Visual Studio Solution File, Format Version 10.00
# Visual Studio 2008
Project("{2150E333-8FDC-42A3-9474-1A3956D46DE8}") = "(gyp)", "..\..\tools\gyp", "{0A173FA6-4921-C1C4-C97B-E89CE5CB7004}"
EndProject
Project("{2150E333-8FDC-42A3-9474-1A3956D46DE8}") = "(icu)", "..\..\third_party\icu", "{2DE59335-96CE-10CA-CDE5-FEC35E3549BB}"
EndProject
Project("{2150E333-8FDC-42A3-9474-1A3956D46DE8}") = "(test)", "..", "{62D1E309-C69B-EEB9-F250-955F10E34BEB}"
EndProject
Project("{2150E333-8FDC-42A3-9474-1A3956D46DE8}") = "(testing)", "..\..\testing", "{EAC80D00-01D2-3F49-A377-20B7154947F3}"
EndProject
Project("{2150E333-8FDC-42A3-9474-1A3956D46DE8}") = "(third_party)", "..\..\third_party", "{89C816A7-DD31-D54C-C69C-5A80E0C49B77}"
EndProject
Project("{2150E333-8FDC-42A3-9474-1A3956D46DE8}") = "(tools)", "..\..\tools", "{0078455D-77D3-142E-F1F4-B78FB0A8B454}"
EndProject
Project("{8BC9CEB8-8B4A-11D0-8D11-00A0C91BC942}") = "gmock", "..\..\testing\gmock.vcproj", "{CBEF7650-662E-FB6E-F914-3E6BB88C9323}"
EndProject
Project("{8BC9CEB8-8B4A-11D0-8D11-00A0C91BC942}") = "gtest", "..\..\testing\gtest.vcproj", "{34177E9D-83EA-2364-6DF0-86DC24F37175}"
	ProjectSection(ProjectDependencies) = postProject
		{5A6D72AC-E180-AD56-415D-8200CB818408} = {5A6D72AC-E180-AD56-415D-8200CB818408}
	EndProjectSection
EndProject
Project("{8BC9CEB8-8B4A-11D0-8D11-00A0C91BC942}") = "gtest_prod", "..\..\testing\gtest_prod.vcproj", "{5A6D72AC-E180-AD56-415D-8200CB818408}"
EndProject
Project("{8BC9CEB8-8B4A-11D0-8D11-00A0C91BC942}") = "icudata", "..\..\third_party\icu\icudata.vcproj", "{5BF4EF05-F2D8-1DDA-055E-F6EF7CE2C4FA}"
EndProject
Project("{8BC9CEB8-8B4A-11D0-8D11-00A0C91BC942}") = "icui18n", "..\..\third_party\icu\icui18n.vcproj", "{47A9BBF9-4984-9C39-855E-678560B6CF52}"
EndProject
Project("{8BC9CEB8-8B4A-11D0-8D11-00A0C91BC942}") = "icuuc", "..\..\third_party\icu\icuuc.vcproj", "{7471666E-FB1C-FDAB-3EB5-E429CCAC4B7D}"
	ProjectSection(ProjectDependencies) = postProject
		{5BF4EF05-F2D8-1DDA-055E-F6EF7CE2C4FA} = {5BF4EF05-F2D8-1DDA-055E-F6EF7CE2C4FA}
	EndProjectSection
EndProject
Project("{8BC9CEB8-8B4A-11D0-8D11-00A0C91BC942}") = "js2c", "..\..\tools\gyp\js2c.vcproj", "{79FA7B2F-DC88-D716-7C5E-A5097EB0AF24}"
EndProject
Project("{8BC9CEB8-8B4A-11D0-8D11-00A0C91BC942}") = "mksnapshot", "..\..\tools\gyp\mksnapshot.vcproj", "{7FBE45EF-DEB0-A6B9-144D-64B65F647785}"
	ProjectSection(ProjectDependencies) = postProject
		{95B8178F-0272-44FC-72E3-4F8F642474A9} = {95B8178F-0272-44FC-72E3-4F8F642474A9}
		{ED3B1E20-6464-20FA-B10C-FEDB0FBE1765} = {ED3B1E20-6464-20FA-B10C-FEDB0FBE1765}
		{CE1AEBD2-8E92-A73F-2DC9-3AEE0BA9E35E} = {CE1AEBD2-8E92-A73F-2DC9-3AEE0BA9E35E}
		{47A9BBF9-4984-9C39-855E-678560B6CF52} = {47A9BBF9-4984-9C39-855E-678560B6CF52}
		{7471666E-FB1C-FDAB-3EB5-E429CCAC4B7D} = {7471666E-FB1C-FDAB-3EB5-E429CCAC4B7D}
		{3E1DA20B-FADF-82D8-62B6-05DA4D3F0A15} = {3E1DA20B-FADF-82D8-62B6-05DA4D3F0A15}
		{5BF4EF05-F2D8-1DDA-055E-F6EF7CE2C4FA} = {5BF4EF05-F2D8-1DDA-055E-F6EF7CE2C4FA}
		{79FA7B2F-DC88-D716-7C5E-A5097EB0AF24} = {79FA7B2F-DC88-D716-7C5E-A5097EB0AF24}
	EndProjectSection
EndProject
Project("{8BC9CEB8-8B4A-11D0-8D11-00A0C91BC942}") = "unittests", "unittests.vcproj", "{AA8F8571-7C1D-89AC-CF19-5C72BB97186C}"
	ProjectSection(ProjectDependencies) = postProject
		{CBEF7650-662E-FB6E-F914-3E6BB88C9323} = {CBEF7650-662E-FB6E-F914-3E6BB88C9323}
		{34177E9D-83EA-2364-6DF0-86DC24F37175} = {34177E9D-83EA-2364-6DF0-86DC24F37175}
		{CE1AEBD2-8E92-A73F-2DC9-3AEE0BA9E35E} = {CE1AEBD2-8E92-A73F-2DC9-3AEE0BA9E35E}
		{4F8ABB71-C23B-62DE-C8BD-D91AC1DC7F14} = {4F8ABB71-C23B-62DE-C8BD-D91AC1DC7F14}
		{5A6D72AC-E180-AD56-415D-8200CB818408} = {5A6D72AC-E180-AD56-415D-8200CB818408}
		{3E1DA20B-FADF-82D8-62B6-05DA4D3F0A15} = {3E1DA20B-FADF-82D8-62B6-05DA4D3F0A15}
		{95B8178F-0272-44FC-72E3-4F8F642474A9} = {95B8178F-0272-44FC-72E3-4F8F642474A9}
		{47A9BBF9-4984-9C39-855E-678560B6CF52} = {47A9BBF9-4984-9C39-855E-678560B6CF52}
		{7471666E-FB1C-FDAB-3EB5-E429CCAC4B7D} = {7471666E-FB1C-FDAB-3EB5-E429CCAC4B7D}
		{5BF4EF05-F2D8-1DDA-055E-F6EF7CE2C4FA} = {5BF4EF05-F2D8-1DDA-055E-F6EF7CE2C4FA}
		{A62CDD2A-2FF5-D6E9-F6DA-8219FD7EB5DE} = {A62CDD2A-2FF5-D6E9-F6DA-8219FD7EB5DE}
		{79FA7B2F-DC88-D716-7C5E-A5097EB0AF24} = {79FA7B2F-DC88-D716-7C5E-A5097EB0AF24}
	EndProjectSection
EndProject
Project("{8BC9CEB8-8B4A-11D0-8D11-00A0C91BC942}") = "v8", "..\..\tools\gyp\v8.vcproj", "{4F8ABB71-C23B-62DE-C8BD-D91AC1DC7F14}"
	ProjectSection(ProjectDependencies) = postProject
		{95B8178F-0272-44FC-72E3-4F8F642474A9} = {95B8178F-0272-44FC-72E3-4F8F642474A9}
		{A62CDD2A-2FF5-D6E9-F6DA-8219FD7EB5DE} = {A62CDD2A-2FF5-D6E9-F6DA-8219FD7EB5DE}
	EndProjectSection
EndProject
Project("{8BC9CEB8-8B4A-11D0-8D11-00A0C91BC942}") = "v8_base", "..\..\tools\gyp\v8_base.vcproj", "{95B8178F-0272-44FC-72E3-4F8F642474A9}"
	ProjectSection(ProjectDependencies) = postProject
		{5BF4EF05-F2D8-1DDA-055E-F6EF7CE2C4FA} = {5BF4EF05-F2D8-1DDA-055E-F6EF7CE2C4FA}
	EndProjectSection
EndProject
Project("{8BC9CEB8-8B4A-11D0-8D11-00A0C91BC942}") = "v8_libbase", "..\..\tools\gyp\v8_libbase.vcproj", "{3E1DA20B-FADF-82D8-62B6-05DA4D3F0A15}"
EndProject
Project("{8BC9CEB8-8B4A-11D0-8D11-00A0C91BC942}") = "v8_libplatform", "..\..\tools\gyp\v8_libplatform.vcproj", "{CE1AEBD2-8E92-A73F-2DC9-3AEE0BA9E35E}"
EndProject
Project("{8BC9CEB8-8B4A-11D0-8D11-00A0C91BC942}") = "v8_nosnapshot", "..\..\tools\gyp\v8_nosnapshot.vcproj", "{ED3B1E20-6464-20FA-B10C-FEDB0FBE1765}"
	ProjectSection(ProjectDependencies) = postProject
		{79FA7B2F-DC88-D716-7C5E-A5097EB0AF24} = {79FA7B2F-DC88-D716-7C5E-A5097EB0AF24}
	EndProjectSection
EndProject
Project("{8BC9CEB8-8B4A-11D0-8D11-00A0C91BC942}") = "v8_snapshot", "..\..\tools\gyp\v8_snapshot.vcproj", "{A62CDD2A-2FF5-D6E9-F6DA-8219FD7EB5DE}"
	ProjectSection(ProjectDependencies) = postProject
		{7FBE45EF-DEB0-A6B9-144D-64B65F647785} = {7FBE45EF-DEB0-A6B9-144D-64B65F647785}
		{79FA7B2F-DC88-D716-7C5E-A5097EB0AF24} = {79FA7B2F-DC88-D716-7C5E-A5097EB0AF24}
	EndProjectSection
EndProject
Global
	GlobalSection(SolutionConfigurationPlatforms) = preSolution
		Debug|Win32 = Debug|Win32
		Optdebug|Win32 = Optdebug|Win32
		Release|Win32 = Release|Win32
	EndGlobalSection
	GlobalSection(ProjectConfigurationPlatforms) = postSolution
		{34177E9D-83EA-2364-6DF0-86DC24F37175}.Debug|Win32.ActiveCfg = Debug|Win32
		{34177E9D-83EA-2364-6DF0-86DC24F37175}.Debug|Win32.Build.0 = Debug|Win32
		{34177E9D-83EA-2364-6DF0-86DC24F37175}.Optdebug|Win32.ActiveCfg = Optdebug|Win32
		{34177E9D-83EA-2364-6DF0-86DC24F37175}.Optdebug|Win32.Build.0 = Optdebug|Win32
		{34177E9D-83EA-2364-6DF0-86DC24F37175}.Release|Win32.ActiveCfg = Release|Win32
		{34177E9D-83EA-2364-6DF0-86DC24F37175}.Release|Win32.Build.0 = Release|Win32
		{3E1DA20B-FADF-82D8-62B6-05DA4D3F0A15}.Debug|Win32.ActiveCfg = Debug|Win32
		{3E1DA20B-FADF-82D8-62B6-05DA4D3F0A15}.Debug|Win32.Build.0 = Debug|Win32
		{3E1DA20B-FADF-82D8-62B6-05DA4D3F0A15}.Optdebug|Win32.ActiveCfg = Optdebug|Win32
		{3E1DA20B-FADF-82D8-62B6-05DA4D3F0A15}.Optdebug|Win32.Build.0 = Optdebug|Win32
		{3E1DA20B-FADF-82D8-62B6-05DA4D3F0A15}.Release|Win32.ActiveCfg = Release|Win32
		{3E1DA20B-FADF-82D8-62B6-05DA4D3F0A15}.Release|Win32.Build.0 = Release|Win32
		{47A9BBF9-4984-9C39-855E-678560B6CF52}.Debug|Win32.ActiveCfg = Debug|Win32
		{47A9BBF9-4984-9C39-855E-678560B6CF52}.Debug|Win32.Build.0 = Debug|Win32
		{47A9BBF9-4984-9C39-855E-678560B6CF52}.Optdebug|Win32.ActiveCfg = Optdebug|Win32
		{47A9BBF9-4984-9C39-855E-678560B6CF52}.Optdebug|Win32.Build.0 = Optdebug|Win32
		{47A9BBF9-4984-9C39-855E-678560B6CF52}.Release|Win32.ActiveCfg = Release|Win32
		{47A9BBF9-4984-9C39-855E-678560B6CF52}.Release|Win32.Build.0 = Release|Win32
		{4F8ABB71-C23B-62DE-C8BD-D91AC1DC7F14}.Debug|Win32.ActiveCfg = Debug|Win32
		{4F8ABB71-C23B-62DE-C8BD-D91AC1DC7F14}.Debug|Win32.Build.0 = Debug|Win32
		{4F8ABB71-C23B-62DE-C8BD-D91AC1DC7F14}.Optdebug|Win32.ActiveCfg = Optdebug|Win32
		{4F8ABB71-C23B-62DE-C8BD-D91AC1DC7F14}.Optdebug|Win32.Build.0 = Optdebug|Win32
		{4F8ABB71-C23B-62DE-C8BD-D91AC1DC7F14}.Release|Win32.ActiveCfg = Release|Win32
		{4F8ABB71-C23B-62DE-C8BD-D91AC1DC7F14}.Release|Win32.Build.0 = Release|Win32
		{5A6D72AC-E180-AD56-415D-8200CB818408}.Debug|Win32.ActiveCfg = Debug|Win32
		{5A6D72AC-E180-AD56-415D-8200CB818408}.Debug|Win32.Build.0 = Debug|Win32
		{5A6D72AC-E180-AD56-415D-8200CB818408}.Optdebug|Win32.ActiveCfg = Optdebug|Win32
		{5A6D72AC-E180-AD56-415D-8200CB818408}.Optdebug|Win32.Build.0 = Optdebug|Win32
		{5A6D72AC-E180-AD56-415D-8200CB818408}.Release|Win32.ActiveCfg = Release|Win32
		{5A6D72AC-E180-AD56-415D-8200CB818408}.Release|Win32.Build.0 = Release|Win32
		{5BF4EF05-F2D8-1DDA-055E-F6EF7CE2C4FA}.Debug|Win32.ActiveCfg = Debug|Win32
		{5BF4EF05-F2D8-1DDA-055E-F6EF7CE2C4FA}.Debug|Win32.Build.0 = Debug|Win32
		{5BF4EF05-F2D8-1DDA-055E-F6EF7CE2C4FA}.Optdebug|Win32.ActiveCfg = Optdebug|Win32
		{5BF4EF05-F2D8-1DDA-055E-F6EF7CE2C4FA}.Optdebug|Win32.Build.0 = Optdebug|Win32
		{5BF4EF05-F2D8-1DDA-055E-F6EF7CE2C4FA}.Release|Win32.ActiveCfg = Release|Win32
		{5BF4EF05-F2D8-1DDA-055E-F6EF7CE2C4FA}.Release|Win32.Build.0 = Release|Win32
		{7471666E-FB1C-FDAB-3EB5-E429CCAC4B7D}.Debug|Win32.ActiveCfg = Debug|Win32
		{7471666E-FB1C-FDAB-3EB5-E429CCAC4B7D}.Debug|Win32.Build.0 = Debug|Win32
		{7471666E-FB1C-FDAB-3EB5-E429CCAC4B7D}.Optdebug|Win32.ActiveCfg = Optdebug|Win32
		{7471666E-FB1C-FDAB-3EB5-E429CCAC4B7D}.Optdebug|Win32.Build.0 = Optdebug|Win32
		{7471666E-FB1C-FDAB-3EB5-E429CCAC4B7D}.Release|Win32.ActiveCfg = Release|Win32
		{7471666E-FB1C-FDAB-3EB5-E429CCAC4B7D}.Release|Win32.Build.0 = Release|Win32
		{79FA7B2F-DC88-D716-7C5E-A5097EB0AF24}.Debug|Win32.ActiveCfg = Debug|Win32
		{79FA7B2F-DC88-D716-7C5E-A5097EB0AF24}.Debug|Win32.Build.0 = Debug|Win32
		{79FA7B2F-DC88-D716-7C5E-A5097EB0AF24}.Optdebug|Win32.ActiveCfg = Optdebug|Win32
		{79FA7B2F-DC88-D716-7C5E-A5097EB0AF24}.Optdebug|Win32.Build.0 = Optdebug|Win32
		{79FA7B2F-DC88-D716-7C5E-A5097EB0AF24}.Release|Win32.ActiveCfg = Release|Win32
		{79FA7B2F-DC88-D716-7C5E-A5097EB0AF24}.Release|Win32.Build.0 = Release|Win32
		{7FBE45EF-DEB0-A6B9-144D-64B65F647785}.Debug|Win32.ActiveCfg = Debug|Win32
		{7FBE45EF-DEB0-A6B9-144D-64B65F647785}.Debug|Win32.Build.0 = Debug|Win32
		{7FBE45EF-DEB0-A6B9-144D-64B65F647785}.Optdebug|Win32.ActiveCfg = Optdebug|Win32
		{7FBE45EF-DEB0-A6B9-144D-64B65F647785}.Optdebug|Win32.Build.0 = Optdebug|Win32
		{7FBE45EF-DEB0-A6B9-144D-64B65F647785}.Release|Win32.ActiveCfg = Release|Win32
		{7FBE45EF-DEB0-A6B9-144D-64B65F647785}.Release|Win32.Build.0 = Release|Win32
		{95B8178F-0272-44FC-72E3-4F8F642474A9}.Debug|Win32.ActiveCfg = Debug|Win32
		{95B8178F-0272-44FC-72E3-4F8F642474A9}.Debug|Win32.Build.0 = Debug|Win32
		{95B8178F-0272-44FC-72E3-4F8F642474A9}.Optdebug|Win32.ActiveCfg = Optdebug|Win32
		{95B8178F-0272-44FC-72E3-4F8F642474A9}.Optdebug|Win32.Build.0 = Optdebug|Win32
		{95B8178F-0272-44FC-72E3-4F8F642474A9}.Release|Win32.ActiveCfg = Release|Win32
		{95B8178F-0272-44FC-72E3-4F8F642474A9}.Release|Win32.Build.0 = Release|Win32
		{A62CDD2A-2FF5-D6E9-F6DA-8219FD7EB5DE}.Debug|Win32.ActiveCfg = Debug|Win32
		{A62CDD2A-2FF5-D6E9-F6DA-8219FD7EB5DE}.Debug|Win32.Build.0 = Debug|Win32
		{A62CDD2A-2FF5-D6E9-F6DA-8219FD7EB5DE}.Optdebug|Win32.ActiveCfg = Optdebug|Win32
		{A62CDD2A-2FF5-D6E9-F6DA-8219FD7EB5DE}.Optdebug|Win32.Build.0 = Optdebug|Win32
		{A62CDD2A-2FF5-D6E9-F6DA-8219FD7EB5DE}.Release|Win32.ActiveCfg = Release|Win32
		{A62CDD2A-2FF5-D6E9-F6DA-8219FD7EB5DE}.Release|Win32.Build.0 = Release|Win32
		{AA8F8571-7C1D-89AC-CF19-5C72BB97186C}.Debug|Win32.ActiveCfg = Debug|Win32
		{AA8F8571-7C1D-89AC-CF19-5C72BB97186C}.Debug|Win32.Build.0 = Debug|Win32
		{AA8F8571-7C1D-89AC-CF19-5C72BB97186C}.Optdebug|Win32.ActiveCfg = Optdebug|Win32
		{AA8F8571-7C1D-89AC-CF19-5C72BB97186C}.Optdebug|Win32.Build.0 = Optdebug|Win32
		{AA8F8571-7C1D-89AC-CF19-5C72BB97186C}.Release|Win32.ActiveCfg = Release|Win32
		{AA8F8571-7C1D-89AC-CF19-5C72BB97186C}.Release|Win32.Build.0 = Release|Win32
		{CBEF7650-662E-FB6E-F914-3E6BB88C9323}.Debug|Win32.ActiveCfg = Debug|Win32
		{CBEF7650-662E-FB6E-F914-3E6BB88C9323}.Debug|Win32.Build.0 = Debug|Win32
		{CBEF7650-662E-FB6E-F914-3E6BB88C9323}.Optdebug|Win32.ActiveCfg = Optdebug|Win32
		{CBEF7650-662E-FB6E-F914-3E6BB88C9323}.Optdebug|Win32.Build.0 = Optdebug|Win32
		{CBEF7650-662E-FB6E-F914-3E6BB88C9323}.Release|Win32.ActiveCfg = Release|Win32
		{CBEF7650-662E-FB6E-F914-3E6BB88C9323}.Release|Win32.Build.0 = Release|Win32
		{CE1AEBD2-8E92-A73F-2DC9-3AEE0BA9E35E}.Debug|Win32.ActiveCfg = Debug|Win32
		{CE1AEBD2-8E92-A73F-2DC9-3AEE0BA9E35E}.Debug|Win32.Build.0 = Debug|Win32
		{CE1AEBD2-8E92-A73F-2DC9-3AEE0BA9E35E}.Optdebug|Win32.ActiveCfg = Optdebug|Win32
		{CE1AEBD2-8E92-A73F-2DC9-3AEE0BA9E35E}.Optdebug|Win32.Build.0 = Optdebug|Win32
		{CE1AEBD2-8E92-A73F-2DC9-3AEE0BA9E35E}.Release|Win32.ActiveCfg = Release|Win32
		{CE1AEBD2-8E92-A73F-2DC9-3AEE0BA9E35E}.Release|Win32.Build.0 = Release|Win32
		{ED3B1E20-6464-20FA-B10C-FEDB0FBE1765}.Debug|Win32.ActiveCfg = Debug|Win32
		{ED3B1E20-6464-20FA-B10C-FEDB0FBE1765}.Debug|Win32.Build.0 = Debug|Win32
		{ED3B1E20-6464-20FA-B10C-FEDB0FBE1765}.Optdebug|Win32.ActiveCfg = Optdebug|Win32
		{ED3B1E20-6464-20FA-B10C-FEDB0FBE1765}.Optdebug|Win32.Build.0 = Optdebug|Win32
		{ED3B1E20-6464-20FA-B10C-FEDB0FBE1765}.Release|Win32.ActiveCfg = Release|Win32
		{ED3B1E20-6464-20FA-B10C-FEDB0FBE1765}.Release|Win32.Build.0 = Release|Win32
	EndGlobalSection
	GlobalSection(SolutionProperties) = preSolution
		HideSolutionNode = FALSE
	EndGlobalSection
	GlobalSection(NestedProjects) = preSolution
		{79FA7B2F-DC88-D716-7C5E-A5097EB0AF24} = {0A173FA6-4921-C1C4-C97B-E89CE5CB7004}
		{7FBE45EF-DEB0-A6B9-144D-64B65F647785} = {0A173FA6-4921-C1C4-C97B-E89CE5CB7004}
		{4F8ABB71-C23B-62DE-C8BD-D91AC1DC7F14} = {0A173FA6-4921-C1C4-C97B-E89CE5CB7004}
		{95B8178F-0272-44FC-72E3-4F8F642474A9} = {0A173FA6-4921-C1C4-C97B-E89CE5CB7004}
		{3E1DA20B-FADF-82D8-62B6-05DA4D3F0A15} = {0A173FA6-4921-C1C4-C97B-E89CE5CB7004}
		{CE1AEBD2-8E92-A73F-2DC9-3AEE0BA9E35E} = {0A173FA6-4921-C1C4-C97B-E89CE5CB7004}
		{ED3B1E20-6464-20FA-B10C-FEDB0FBE1765} = {0A173FA6-4921-C1C4-C97B-E89CE5CB7004}
		{A62CDD2A-2FF5-D6E9-F6DA-8219FD7EB5DE} = {0A173FA6-4921-C1C4-C97B-E89CE5CB7004}
		{5BF4EF05-F2D8-1DDA-055E-F6EF7CE2C4FA} = {2DE59335-96CE-10CA-CDE5-FEC35E3549BB}
		{47A9BBF9-4984-9C39-855E-678560B6CF52} = {2DE59335-96CE-10CA-CDE5-FEC35E3549BB}
		{7471666E-FB1C-FDAB-3EB5-E429CCAC4B7D} = {2DE59335-96CE-10CA-CDE5-FEC35E3549BB}
		{AA8F8571-7C1D-89AC-CF19-5C72BB97186C} = {62D1E309-C69B-EEB9-F250-955F10E34BEB}
		{CBEF7650-662E-FB6E-F914-3E6BB88C9323} = {EAC80D00-01D2-3F49-A377-20B7154947F3}
		{34177E9D-83EA-2364-6DF0-86DC24F37175} = {EAC80D00-01D2-3F49-A377-20B7154947F3}
		{5A6D72AC-E180-AD56-415D-8200CB818408} = {EAC80D00-01D2-3F49-A377-20B7154947F3}
		{2DE59335-96CE-10CA-CDE5-FEC35E3549BB} = {89C816A7-DD31-D54C-C69C-5A80E0C49B77}
		{0A173FA6-4921-C1C4-C97B-E89CE5CB7004} = {0078455D-77D3-142E-F1F4-B78FB0A8B454}
	EndGlobalSection
EndGlobal
